
Microsoft Visual Studio Solution File, Format Version 12.00
# Visual Studio Version 16
VisualStudioVersion = 16.0.31112.23
MinimumVisualStudioVersion = 10.0.40219.1
Project("{9A19103F-16F7-4668-BE54-9A1E7A4F7556}") = "HW1-BaseAlgorithms", "HW1-BaseAlgorithms\HW1-BaseAlgorithms.csproj", "{E4FECAE9-94CA-49E5-A881-BB8335E57DDA}"
EndProject
Project("{9A19103F-16F7-4668-BE54-9A1E7A4F7556}") = "HW2-Recursion", "HW2-Recursion\HW2-Recursion.csproj", "{5BF5CD32-C5DA-4D6E-B1EA-4FCEE7D1CF36}"
EndProject
Project("{9A19103F-16F7-4668-BE54-9A1E7A4F7556}") = "Helper", "Helper\Helper.csproj", "{1718A5D2-96C1-43E8-817E-708E44C6CD26}"
EndProject
Project("{9A19103F-16F7-4668-BE54-9A1E7A4F7556}") = "HW3-Sorting", "HW3-Sorting\HW3-Sorting.csproj", "{5AF7E4CF-C0C0-44BC-8920-B1A2537670F4}"
EndProject
Project("{FAE04EC0-301F-11D3-BF4B-00C04F79EFBC}") = "HW4-Dynamic", "HW4\HW4-Dynamic.csproj", "{4FAA1CC8-D0DE-4617-9E89-06052A619105}"
EndProject
Global
	GlobalSection(SolutionConfigurationPlatforms) = preSolution
		Debug|Any CPU = Debug|Any CPU
		Release|Any CPU = Release|Any CPU
	EndGlobalSection
	GlobalSection(ProjectConfigurationPlatforms) = postSolution
		{E4FECAE9-94CA-49E5-A881-BB8335E57DDA}.Debug|Any CPU.ActiveCfg = Debug|Any CPU
		{E4FECAE9-94CA-49E5-A881-BB8335E57DDA}.Debug|Any CPU.Build.0 = Debug|Any CPU
		{E4FECAE9-94CA-49E5-A881-BB8335E57DDA}.Release|Any CPU.ActiveCfg = Release|Any CPU
		{E4FECAE9-94CA-49E5-A881-BB8335E57DDA}.Release|Any CPU.Build.0 = Release|Any CPU
		{5BF5CD32-C5DA-4D6E-B1EA-4FCEE7D1CF36}.Debug|Any CPU.ActiveCfg = Debug|Any CPU
		{5BF5CD32-C5DA-4D6E-B1EA-4FCEE7D1CF36}.Debug|Any CPU.Build.0 = Debug|Any CPU
		{5BF5CD32-C5DA-4D6E-B1EA-4FCEE7D1CF36}.Release|Any CPU.ActiveCfg = Release|Any CPU
		{5BF5CD32-C5DA-4D6E-B1EA-4FCEE7D1CF36}.Release|Any CPU.Build.0 = Release|Any CPU
		{1718A5D2-96C1-43E8-817E-708E44C6CD26}.Debug|Any CPU.ActiveCfg = Debug|Any CPU
		{1718A5D2-96C1-43E8-817E-708E44C6CD26}.Debug|Any CPU.Build.0 = Debug|Any CPU
		{1718A5D2-96C1-43E8-817E-708E44C6CD26}.Release|Any CPU.ActiveCfg = Release|Any CPU
		{1718A5D2-96C1-43E8-817E-708E44C6CD26}.Release|Any CPU.Build.0 = Release|Any CPU
		{5AF7E4CF-C0C0-44BC-8920-B1A2537670F4}.Debug|Any CPU.ActiveCfg = Debug|Any CPU
		{5AF7E4CF-C0C0-44BC-8920-B1A2537670F4}.Debug|Any CPU.Build.0 = Debug|Any CPU
		{5AF7E4CF-C0C0-44BC-8920-B1A2537670F4}.Release|Any CPU.ActiveCfg = Release|Any CPU
		{5AF7E4CF-C0C0-44BC-8920-B1A2537670F4}.Release|Any CPU.Build.0 = Release|Any CPU
		{4FAA1CC8-D0DE-4617-9E89-06052A619105}.Debug|Any CPU.ActiveCfg = Debug|Any CPU
		{4FAA1CC8-D0DE-4617-9E89-06052A619105}.Debug|Any CPU.Build.0 = Debug|Any CPU
		{4FAA1CC8-D0DE-4617-9E89-06052A619105}.Release|Any CPU.ActiveCfg = Release|Any CPU
		{4FAA1CC8-D0DE-4617-9E89-06052A619105}.Release|Any CPU.Build.0 = Release|Any CPU
	EndGlobalSection
	GlobalSection(SolutionProperties) = preSolution
		HideSolutionNode = FALSE
	EndGlobalSection
	GlobalSection(ExtensibilityGlobals) = postSolution
		SolutionGuid = {2FADBEFF-300E-48B9-A22E-05FC443076F2}
	EndGlobalSection
EndGlobal
