
Microsoft Visual Studio Solution File, Format Version 12.00
# Visual Studio Version 16
VisualStudioVersion = 16.0.31112.23
MinimumVisualStudioVersion = 10.0.40219.1
Project("{9A19103F-16F7-4668-BE54-9A1E7A4F7556}") = "HW1-BaseAlgorithms", "HW1-BaseAlgorithms\HW1-BaseAlgorithms.csproj", "{E4FECAE9-94CA-49E5-A881-BB8335E57DDA}"
EndProject
Project("{9A19103F-16F7-4668-BE54-9A1E7A4F7556}") = "HW2-Recursion", "HW2-Recursion\HW2-Recursion.csproj", "{5BF5CD32-C5DA-4D6E-B1EA-4FCEE7D1CF36}"
EndProject
Project("{9A19103F-16F7-4668-BE54-9A1E7A4F7556}") = "Helper", "Helper\Helper.csproj", "{1718A5D2-96C1-43E8-817E-708E44C6CD26}"
EndProject
Project("{9A19103F-16F7-4668-BE54-9A1E7A4F7556}") = "HW3-Sorting", "HW3-Sorting\HW3-Sorting.csproj", "{5AF7E4CF-C0C0-44BC-8920-B1A2537670F4}"
EndProject
Project("{9A19103F-16F7-4668-BE54-9A1E7A4F7556}") = "HW4-Dynamic", "HW4\HW4-Dynamic.csproj", "{4FAA1CC8-D0DE-4617-9E89-06052A619105}"
EndProject
Project("{9A19103F-16F7-4668-BE54-9A1E7A4F7556}") = "HW5-DynamicStructure", "HW5-DynamicStructure\HW5-DynamicStructure.csproj", "{F4FA1D77-D726-40E8-8BD2-F9124795D6B8}"
EndProject
Project("{9A19103F-16F7-4668-BE54-9A1E7A4F7556}") = "HW6-Trees", "HW6-Trees\HW6-Trees.csproj", "{25B98935-852E-4E3D-A704-349A37081196}"
EndProject
Project("{9A19103F-16F7-4668-BE54-9A1E7A4F7556}") = "HW7-Graphs", "HW7-Graphs\HW7-Graphs.csproj", "{2C1B480E-DB09-4507-B260-7F7E0689A241}"
EndProject
Project("{FAE04EC0-301F-11D3-BF4B-00C04F79EFBC}") = "HW8-ComplexSorting", "HW8-ComplexSorting\HW8-ComplexSorting.csproj", "{370DAD76-66EC-40AD-93BE-966647F4A651}"
EndProject
Global
	GlobalSection(SolutionConfigurationPlatforms) = preSolution
		Debug|Any CPU = Debug|Any CPU
		Release|Any CPU = Release|Any CPU
	EndGlobalSection
	GlobalSection(ProjectConfigurationPlatforms) = postSolution
		{E4FECAE9-94CA-49E5-A881-BB8335E57DDA}.Debug|Any CPU.ActiveCfg = Debug|Any CPU
		{E4FECAE9-94CA-49E5-A881-BB8335E57DDA}.Debug|Any CPU.Build.0 = Debug|Any CPU
		{E4FECAE9-94CA-49E5-A881-BB8335E57DDA}.Release|Any CPU.ActiveCfg = Release|Any CPU
		{E4FECAE9-94CA-49E5-A881-BB8335E57DDA}.Release|Any CPU.Build.0 = Release|Any CPU
		{5BF5CD32-C5DA-4D6E-B1EA-4FCEE7D1CF36}.Debug|Any CPU.ActiveCfg = Debug|Any CPU
		{5BF5CD32-C5DA-4D6E-B1EA-4FCEE7D1CF36}.Debug|Any CPU.Build.0 = Debug|Any CPU
		{5BF5CD32-C5DA-4D6E-B1EA-4FCEE7D1CF36}.Release|Any CPU.ActiveCfg = Release|Any CPU
		{5BF5CD32-C5DA-4D6E-B1EA-4FCEE7D1CF36}.Release|Any CPU.Build.0 = Release|Any CPU
		{1718A5D2-96C1-43E8-817E-708E44C6CD26}.Debug|Any CPU.ActiveCfg = Debug|Any CPU
		{1718A5D2-96C1-43E8-817E-708E44C6CD26}.Debug|Any CPU.Build.0 = Debug|Any CPU
		{1718A5D2-96C1-43E8-817E-708E44C6CD26}.Release|Any CPU.ActiveCfg = Release|Any CPU
		{1718A5D2-96C1-43E8-817E-708E44C6CD26}.Release|Any CPU.Build.0 = Release|Any CPU
		{5AF7E4CF-C0C0-44BC-8920-B1A2537670F4}.Debug|Any CPU.ActiveCfg = Debug|Any CPU
		{5AF7E4CF-C0C0-44BC-8920-B1A2537670F4}.Debug|Any CPU.Build.0 = Debug|Any CPU
		{5AF7E4CF-C0C0-44BC-8920-B1A2537670F4}.Release|Any CPU.ActiveCfg = Release|Any CPU
		{5AF7E4CF-C0C0-44BC-8920-B1A2537670F4}.Release|Any CPU.Build.0 = Release|Any CPU
		{4FAA1CC8-D0DE-4617-9E89-06052A619105}.Debug|Any CPU.ActiveCfg = Debug|Any CPU
		{4FAA1CC8-D0DE-4617-9E89-06052A619105}.Debug|Any CPU.Build.0 = Debug|Any CPU
		{4FAA1CC8-D0DE-4617-9E89-06052A619105}.Release|Any CPU.ActiveCfg = Release|Any CPU
		{4FAA1CC8-D0DE-4617-9E89-06052A619105}.Release|Any CPU.Build.0 = Release|Any CPU
		{F4FA1D77-D726-40E8-8BD2-F9124795D6B8}.Debug|Any CPU.ActiveCfg = Debug|Any CPU
		{F4FA1D77-D726-40E8-8BD2-F9124795D6B8}.Debug|Any CPU.Build.0 = Debug|Any CPU
		{F4FA1D77-D726-40E8-8BD2-F9124795D6B8}.Release|Any CPU.ActiveCfg = Release|Any CPU
		{F4FA1D77-D726-40E8-8BD2-F9124795D6B8}.Release|Any CPU.Build.0 = Release|Any CPU
		{25B98935-852E-4E3D-A704-349A37081196}.Debug|Any CPU.ActiveCfg = Debug|Any CPU
		{25B98935-852E-4E3D-A704-349A37081196}.Debug|Any CPU.Build.0 = Debug|Any CPU
		{25B98935-852E-4E3D-A704-349A37081196}.Release|Any CPU.ActiveCfg = Release|Any CPU
		{25B98935-852E-4E3D-A704-349A37081196}.Release|Any CPU.Build.0 = Release|Any CPU
		{2C1B480E-DB09-4507-B260-7F7E0689A241}.Debug|Any CPU.ActiveCfg = Debug|Any CPU
		{2C1B480E-DB09-4507-B260-7F7E0689A241}.Debug|Any CPU.Build.0 = Debug|Any CPU
		{2C1B480E-DB09-4507-B260-7F7E0689A241}.Release|Any CPU.ActiveCfg = Release|Any CPU
		{2C1B480E-DB09-4507-B260-7F7E0689A241}.Release|Any CPU.Build.0 = Release|Any CPU
		{370DAD76-66EC-40AD-93BE-966647F4A651}.Debug|Any CPU.ActiveCfg = Debug|Any CPU
		{370DAD76-66EC-40AD-93BE-966647F4A651}.Debug|Any CPU.Build.0 = Debug|Any CPU
		{370DAD76-66EC-40AD-93BE-966647F4A651}.Release|Any CPU.ActiveCfg = Release|Any CPU
		{370DAD76-66EC-40AD-93BE-966647F4A651}.Release|Any CPU.Build.0 = Release|Any CPU
	EndGlobalSection
	GlobalSection(SolutionProperties) = preSolution
		HideSolutionNode = FALSE
	EndGlobalSection
	GlobalSection(ExtensibilityGlobals) = postSolution
		SolutionGuid = {2FADBEFF-300E-48B9-A22E-05FC443076F2}
	EndGlobalSection
EndGlobal
